
Microsoft Visual Studio Solution File, Format Version 12.00
# Visual Studio Version 17
VisualStudioVersion = 17.13.35919.96 d17.13
MinimumVisualStudioVersion = 10.0.40219.1
Project("{FAE04EC0-301F-11D3-BF4B-00C04F79EFBC}") = "ContactList", "ContactList\ContactList.csproj", "{0AF0A634-0B6C-4B94-9D77-431E915C835D}"
EndProject
Global
	GlobalSection(SolutionConfigurationPlatforms) = preSolution
		Debug|Any CPU = Debug|Any CPU
		Release|Any CPU = Release|Any CPU
	EndGlobalSection
	GlobalSection(ProjectConfigurationPlatforms) = postSolution
		{0AF0A634-0B6C-4B94-9D77-431E915C835D}.Debug|Any CPU.ActiveCfg = Debug|Any CPU
		{0AF0A634-0B6C-4B94-9D77-431E915C835D}.Debug|Any CPU.Build.0 = Debug|Any CPU
		{0AF0A634-0B6C-4B94-9D77-431E915C835D}.Release|Any CPU.ActiveCfg = Release|Any CPU
		{0AF0A634-0B6C-4B94-9D77-431E915C835D}.Release|Any CPU.Build.0 = Release|Any CPU
	EndGlobalSection
	GlobalSection(SolutionProperties) = preSolution
		HideSolutionNode = FALSE
	EndGlobalSection
	GlobalSection(ExtensibilityGlobals) = postSolution
		SolutionGuid = {4FB30DD0-6372-4877-983B-C08638AB899C}
	EndGlobalSection
EndGlobal
